
Microsoft Visual Studio Solution File, Format Version 12.00
# Visual Studio 15
VisualStudioVersion = 15.0.27703.2035
MinimumVisualStudioVersion = 10.0.40219.1
Project("{9A19103F-16F7-4668-BE54-9A1E7A4F7556}") = "HelpLibrary", "HelpLibrary\HelpLibrary.csproj", "{9990E001-9969-4DDF-A96A-308149745C4F}"
EndProject
Project("{9A19103F-16F7-4668-BE54-9A1E7A4F7556}") = "Q4_01_RouteBetweenNodes", "Q4_01_RouteBetweenNodes\Q4_01_RouteBetweenNodes.csproj", "{80B2ECFF-3901-402C-9FED-52942D238175}"
EndProject
Project("{9A19103F-16F7-4668-BE54-9A1E7A4F7556}") = "Q4_02_MinimalTree", "Q4_02_MinimalTree\Q4_02_MinimalTree.csproj", "{FDCF2E53-2342-41C6-8FC7-9B978B3A97F4}"
EndProject
Project("{9A19103F-16F7-4668-BE54-9A1E7A4F7556}") = "Q4_03_ListOfDepths", "Q4_03_ListOfDepths\Q4_03_ListOfDepths.csproj", "{CAFC2EB1-1D4F-4B77-B9BB-BB385DF939FB}"
EndProject
Project("{9A19103F-16F7-4668-BE54-9A1E7A4F7556}") = "Q4_04_CheckBalanced", "Q4_04_CheckBalanced\Q4_04_CheckBalanced.csproj", "{0A3579CF-DDDD-43FC-B931-1FB661933958}"
EndProject
Project("{9A19103F-16F7-4668-BE54-9A1E7A4F7556}") = "Q4_05_ValidateBST", "Q4_05_ValidateBST\Q4_05_ValidateBST.csproj", "{8BAEFE20-D50E-4753-ACFF-53E25223AA82}"
EndProject
Project("{FAE04EC0-301F-11D3-BF4B-00C04F79EFBC}") = "Q4_06_Successor", "Q4_06_Successor\Q4_06_Successor.csproj", "{E3192198-42FA-48E8-B2A0-9EA6BCC74EB7}"
EndProject
Global
	GlobalSection(SolutionConfigurationPlatforms) = preSolution
		Debug|Any CPU = Debug|Any CPU
		Release|Any CPU = Release|Any CPU
	EndGlobalSection
	GlobalSection(ProjectConfigurationPlatforms) = postSolution
		{9990E001-9969-4DDF-A96A-308149745C4F}.Debug|Any CPU.ActiveCfg = Debug|Any CPU
		{9990E001-9969-4DDF-A96A-308149745C4F}.Debug|Any CPU.Build.0 = Debug|Any CPU
		{9990E001-9969-4DDF-A96A-308149745C4F}.Release|Any CPU.ActiveCfg = Release|Any CPU
		{9990E001-9969-4DDF-A96A-308149745C4F}.Release|Any CPU.Build.0 = Release|Any CPU
		{80B2ECFF-3901-402C-9FED-52942D238175}.Debug|Any CPU.ActiveCfg = Debug|Any CPU
		{80B2ECFF-3901-402C-9FED-52942D238175}.Debug|Any CPU.Build.0 = Debug|Any CPU
		{80B2ECFF-3901-402C-9FED-52942D238175}.Release|Any CPU.ActiveCfg = Release|Any CPU
		{80B2ECFF-3901-402C-9FED-52942D238175}.Release|Any CPU.Build.0 = Release|Any CPU
		{FDCF2E53-2342-41C6-8FC7-9B978B3A97F4}.Debug|Any CPU.ActiveCfg = Debug|Any CPU
		{FDCF2E53-2342-41C6-8FC7-9B978B3A97F4}.Debug|Any CPU.Build.0 = Debug|Any CPU
		{FDCF2E53-2342-41C6-8FC7-9B978B3A97F4}.Release|Any CPU.ActiveCfg = Release|Any CPU
		{FDCF2E53-2342-41C6-8FC7-9B978B3A97F4}.Release|Any CPU.Build.0 = Release|Any CPU
		{CAFC2EB1-1D4F-4B77-B9BB-BB385DF939FB}.Debug|Any CPU.ActiveCfg = Debug|Any CPU
		{CAFC2EB1-1D4F-4B77-B9BB-BB385DF939FB}.Debug|Any CPU.Build.0 = Debug|Any CPU
		{CAFC2EB1-1D4F-4B77-B9BB-BB385DF939FB}.Release|Any CPU.ActiveCfg = Release|Any CPU
		{CAFC2EB1-1D4F-4B77-B9BB-BB385DF939FB}.Release|Any CPU.Build.0 = Release|Any CPU
		{0A3579CF-DDDD-43FC-B931-1FB661933958}.Debug|Any CPU.ActiveCfg = Debug|Any CPU
		{0A3579CF-DDDD-43FC-B931-1FB661933958}.Debug|Any CPU.Build.0 = Debug|Any CPU
		{0A3579CF-DDDD-43FC-B931-1FB661933958}.Release|Any CPU.ActiveCfg = Release|Any CPU
		{0A3579CF-DDDD-43FC-B931-1FB661933958}.Release|Any CPU.Build.0 = Release|Any CPU
		{8BAEFE20-D50E-4753-ACFF-53E25223AA82}.Debug|Any CPU.ActiveCfg = Debug|Any CPU
		{8BAEFE20-D50E-4753-ACFF-53E25223AA82}.Debug|Any CPU.Build.0 = Debug|Any CPU
		{8BAEFE20-D50E-4753-ACFF-53E25223AA82}.Release|Any CPU.ActiveCfg = Release|Any CPU
		{8BAEFE20-D50E-4753-ACFF-53E25223AA82}.Release|Any CPU.Build.0 = Release|Any CPU
		{E3192198-42FA-48E8-B2A0-9EA6BCC74EB7}.Debug|Any CPU.ActiveCfg = Debug|Any CPU
		{E3192198-42FA-48E8-B2A0-9EA6BCC74EB7}.Debug|Any CPU.Build.0 = Debug|Any CPU
		{E3192198-42FA-48E8-B2A0-9EA6BCC74EB7}.Release|Any CPU.ActiveCfg = Release|Any CPU
		{E3192198-42FA-48E8-B2A0-9EA6BCC74EB7}.Release|Any CPU.Build.0 = Release|Any CPU
	EndGlobalSection
	GlobalSection(SolutionProperties) = preSolution
		HideSolutionNode = FALSE
	EndGlobalSection
	GlobalSection(ExtensibilityGlobals) = postSolution
		SolutionGuid = {04338381-ED21-4B3A-8572-2DB617C25805}
	EndGlobalSection
EndGlobal
